
Microsoft Visual Studio Solution File, Format Version 12.00
Project("{FAE04EC0-301F-11D3-BF4B-00C04F79EFBC}") = "MyToDoListCore", "MyToDoListCore\MyToDoListCore.csproj", "{647F5166-607B-4D19-8F36-02A1520FA0E2}"
EndProject
Project("{FAE04EC0-301F-11D3-BF4B-00C04F79EFBC}") = "MyToDoListCoreUnitTests", "MyToDoListCoreUnitTests\MyToDoListCoreUnitTests.csproj", "{0B62EA6C-3FC8-4BB5-BCFC-E459CEC06B95}"
EndProject
Project("{2150E333-8FDC-42A3-9474-1A3956D46DE8}") = "Tests", "Tests", "{F407CA02-703B-4DFA-A238-76781DAACD58}"
EndProject
Global
	GlobalSection(SolutionConfigurationPlatforms) = preSolution
		Debug|Any CPU = Debug|Any CPU
		Release|Any CPU = Release|Any CPU
	EndGlobalSection
	GlobalSection(ProjectConfigurationPlatforms) = postSolution
		{647F5166-607B-4D19-8F36-02A1520FA0E2}.Debug|Any CPU.ActiveCfg = Debug|Any CPU
		{647F5166-607B-4D19-8F36-02A1520FA0E2}.Debug|Any CPU.Build.0 = Debug|Any CPU
		{647F5166-607B-4D19-8F36-02A1520FA0E2}.Release|Any CPU.ActiveCfg = Release|Any CPU
		{647F5166-607B-4D19-8F36-02A1520FA0E2}.Release|Any CPU.Build.0 = Release|Any CPU
		{0B62EA6C-3FC8-4BB5-BCFC-E459CEC06B95}.Debug|Any CPU.ActiveCfg = Debug|Any CPU
		{0B62EA6C-3FC8-4BB5-BCFC-E459CEC06B95}.Debug|Any CPU.Build.0 = Debug|Any CPU
		{0B62EA6C-3FC8-4BB5-BCFC-E459CEC06B95}.Release|Any CPU.ActiveCfg = Release|Any CPU
		{0B62EA6C-3FC8-4BB5-BCFC-E459CEC06B95}.Release|Any CPU.Build.0 = Release|Any CPU
	EndGlobalSection
	GlobalSection(NestedProjects) = preSolution
		{0B62EA6C-3FC8-4BB5-BCFC-E459CEC06B95} = {F407CA02-703B-4DFA-A238-76781DAACD58}
	EndGlobalSection
EndGlobal
