// !$*UTF8*$!
{
	archiveVersion = 1;
	classes = {
	};
	objectVersion = 50;
	objects = {

/* Begin PBXBuildFile section */
		019F0315CFA2FA792424BAFB /* Pods_MyToDoList.framework in Frameworks */ = {isa = PBXBuildFile; fileRef = 250D36E0D3F67949750236FF /* Pods_MyToDoList.framework */; };
		6033F216251A65CD832A42BE /* Pods_MyToDoListTests.framework in Frameworks */ = {isa = PBXBuildFile; fileRef = 50C74C036120B4EAD5C9374D /* Pods_MyToDoListTests.framework */; };
		ADE27C6822DF943D00D1D8B8 /* AppDelegate.swift in Sources */ = {isa = PBXBuildFile; fileRef = ADE27C6722DF943D00D1D8B8 /* AppDelegate.swift */; };
		ADE27C6A22DF943D00D1D8B8 /* ViewController.swift in Sources */ = {isa = PBXBuildFile; fileRef = ADE27C6922DF943D00D1D8B8 /* ViewController.swift */; };
		ADE27C6D22DF943D00D1D8B8 /* Main.storyboard in Resources */ = {isa = PBXBuildFile; fileRef = ADE27C6B22DF943D00D1D8B8 /* Main.storyboard */; };
		ADE27C6F22DF943F00D1D8B8 /* Assets.xcassets in Resources */ = {isa = PBXBuildFile; fileRef = ADE27C6E22DF943F00D1D8B8 /* Assets.xcassets */; };
		ADE27C7222DF943F00D1D8B8 /* LaunchScreen.storyboard in Resources */ = {isa = PBXBuildFile; fileRef = ADE27C7022DF943F00D1D8B8 /* LaunchScreen.storyboard */; };
		ADE27C7D22DF943F00D1D8B8 /* MyToDoListTests.swift in Sources */ = {isa = PBXBuildFile; fileRef = ADE27C7C22DF943F00D1D8B8 /* MyToDoListTests.swift */; };
/* End PBXBuildFile section */

/* Begin PBXContainerItemProxy section */
		ADE27C7922DF943F00D1D8B8 /* PBXContainerItemProxy */ = {
			isa = PBXContainerItemProxy;
			containerPortal = ADE27C5C22DF943D00D1D8B8 /* Project object */;
			proxyType = 1;
			remoteGlobalIDString = ADE27C6322DF943D00D1D8B8;
			remoteInfo = MyToDoList;
		};
/* End PBXContainerItemProxy section */

/* Begin PBXFileReference section */
		250D36E0D3F67949750236FF /* Pods_MyToDoList.framework */ = {isa = PBXFileReference; explicitFileType = wrapper.framework; includeInIndex = 0; path = Pods_MyToDoList.framework; sourceTree = BUILT_PRODUCTS_DIR; };
		36B0BC443DFA0D0CADDE2956 /* Pods-MyToDoListTests.debug.xcconfig */ = {isa = PBXFileReference; includeInIndex = 1; lastKnownFileType = text.xcconfig; name = "Pods-MyToDoListTests.debug.xcconfig"; path = "Target Support Files/Pods-MyToDoListTests/Pods-MyToDoListTests.debug.xcconfig"; sourceTree = "<group>"; };
		50C74C036120B4EAD5C9374D /* Pods_MyToDoListTests.framework */ = {isa = PBXFileReference; explicitFileType = wrapper.framework; includeInIndex = 0; path = Pods_MyToDoListTests.framework; sourceTree = BUILT_PRODUCTS_DIR; };
		6D5AACEB30486386896B9B32 /* Pods-MyToDoList.release.xcconfig */ = {isa = PBXFileReference; includeInIndex = 1; lastKnownFileType = text.xcconfig; name = "Pods-MyToDoList.release.xcconfig"; path = "Target Support Files/Pods-MyToDoList/Pods-MyToDoList.release.xcconfig"; sourceTree = "<group>"; };
		ADE27C6422DF943D00D1D8B8 /* MyToDoList.app */ = {isa = PBXFileReference; explicitFileType = wrapper.application; includeInIndex = 0; path = MyToDoList.app; sourceTree = BUILT_PRODUCTS_DIR; };
		ADE27C6722DF943D00D1D8B8 /* AppDelegate.swift */ = {isa = PBXFileReference; lastKnownFileType = sourcecode.swift; path = AppDelegate.swift; sourceTree = "<group>"; };
		ADE27C6922DF943D00D1D8B8 /* ViewController.swift */ = {isa = PBXFileReference; lastKnownFileType = sourcecode.swift; path = ViewController.swift; sourceTree = "<group>"; };
		ADE27C6C22DF943D00D1D8B8 /* Base */ = {isa = PBXFileReference; lastKnownFileType = file.storyboard; name = Base; path = Base.lproj/Main.storyboard; sourceTree = "<group>"; };
		ADE27C6E22DF943F00D1D8B8 /* Assets.xcassets */ = {isa = PBXFileReference; lastKnownFileType = folder.assetcatalog; path = Assets.xcassets; sourceTree = "<group>"; };
		ADE27C7122DF943F00D1D8B8 /* Base */ = {isa = PBXFileReference; lastKnownFileType = file.storyboard; name = Base; path = Base.lproj/LaunchScreen.storyboard; sourceTree = "<group>"; };
		ADE27C7322DF943F00D1D8B8 /* Info.plist */ = {isa = PBXFileReference; lastKnownFileType = text.plist.xml; path = Info.plist; sourceTree = "<group>"; };
		ADE27C7822DF943F00D1D8B8 /* MyToDoListTests.xctest */ = {isa = PBXFileReference; explicitFileType = wrapper.cfbundle; includeInIndex = 0; path = MyToDoListTests.xctest; sourceTree = BUILT_PRODUCTS_DIR; };
		ADE27C7C22DF943F00D1D8B8 /* MyToDoListTests.swift */ = {isa = PBXFileReference; lastKnownFileType = sourcecode.swift; path = MyToDoListTests.swift; sourceTree = "<group>"; };
		ADE27C7E22DF943F00D1D8B8 /* Info.plist */ = {isa = PBXFileReference; lastKnownFileType = text.plist.xml; path = Info.plist; sourceTree = "<group>"; };
		B5C77C1B56A46FF2A18F179A /* Pods-MyToDoList.debug.xcconfig */ = {isa = PBXFileReference; includeInIndex = 1; lastKnownFileType = text.xcconfig; name = "Pods-MyToDoList.debug.xcconfig"; path = "Target Support Files/Pods-MyToDoList/Pods-MyToDoList.debug.xcconfig"; sourceTree = "<group>"; };
		DB8ABFB2F76636B3585D0487 /* Pods-MyToDoListTests.release.xcconfig */ = {isa = PBXFileReference; includeInIndex = 1; lastKnownFileType = text.xcconfig; name = "Pods-MyToDoListTests.release.xcconfig"; path = "Target Support Files/Pods-MyToDoListTests/Pods-MyToDoListTests.release.xcconfig"; sourceTree = "<group>"; };
/* End PBXFileReference section */

/* Begin PBXFrameworksBuildPhase section */
		ADE27C6122DF943D00D1D8B8 /* Frameworks */ = {
			isa = PBXFrameworksBuildPhase;
			buildActionMask = 2147483647;
			files = (
				019F0315CFA2FA792424BAFB /* Pods_MyToDoList.framework in Frameworks */,
			);
			runOnlyForDeploymentPostprocessing = 0;
		};
		ADE27C7522DF943F00D1D8B8 /* Frameworks */ = {
			isa = PBXFrameworksBuildPhase;
			buildActionMask = 2147483647;
			files = (
				6033F216251A65CD832A42BE /* Pods_MyToDoListTests.framework in Frameworks */,
			);
			runOnlyForDeploymentPostprocessing = 0;
		};
/* End PBXFrameworksBuildPhase section */

/* Begin PBXGroup section */
		4786014CAAAFA53725118C45 /* Pods */ = {
			isa = PBXGroup;
			children = (
				B5C77C1B56A46FF2A18F179A /* Pods-MyToDoList.debug.xcconfig */,
				6D5AACEB30486386896B9B32 /* Pods-MyToDoList.release.xcconfig */,
				36B0BC443DFA0D0CADDE2956 /* Pods-MyToDoListTests.debug.xcconfig */,
				DB8ABFB2F76636B3585D0487 /* Pods-MyToDoListTests.release.xcconfig */,
			);
			path = Pods;
			sourceTree = "<group>";
		};
		ADE27C5B22DF943D00D1D8B8 = {
			isa = PBXGroup;
			children = (
				ADE27C6622DF943D00D1D8B8 /* MyToDoList */,
				ADE27C7B22DF943F00D1D8B8 /* MyToDoListTests */,
				ADE27C6522DF943D00D1D8B8 /* Products */,
				4786014CAAAFA53725118C45 /* Pods */,
				B2728316275512A0FE5E9BC5 /* Frameworks */,
			);
			sourceTree = "<group>";
		};
		ADE27C6522DF943D00D1D8B8 /* Products */ = {
			isa = PBXGroup;
			children = (
				ADE27C6422DF943D00D1D8B8 /* MyToDoList.app */,
				ADE27C7822DF943F00D1D8B8 /* MyToDoListTests.xctest */,
			);
			name = Products;
			sourceTree = "<group>";
		};
		ADE27C6622DF943D00D1D8B8 /* MyToDoList */ = {
			isa = PBXGroup;
			children = (
				ADE27C6722DF943D00D1D8B8 /* AppDelegate.swift */,
				ADE27C6922DF943D00D1D8B8 /* ViewController.swift */,
				ADE27C6B22DF943D00D1D8B8 /* Main.storyboard */,
				ADE27C6E22DF943F00D1D8B8 /* Assets.xcassets */,
				ADE27C7022DF943F00D1D8B8 /* LaunchScreen.storyboard */,
				ADE27C7322DF943F00D1D8B8 /* Info.plist */,
			);
			path = MyToDoList;
			sourceTree = "<group>";
		};
		ADE27C7B22DF943F00D1D8B8 /* MyToDoListTests */ = {
			isa = PBXGroup;
			children = (
				ADE27C7C22DF943F00D1D8B8 /* MyToDoListTests.swift */,
				ADE27C7E22DF943F00D1D8B8 /* Info.plist */,
			);
			path = MyToDoListTests;
			sourceTree = "<group>";
		};
		B2728316275512A0FE5E9BC5 /* Frameworks */ = {
			isa = PBXGroup;
			children = (
				250D36E0D3F67949750236FF /* Pods_MyToDoList.framework */,
				50C74C036120B4EAD5C9374D /* Pods_MyToDoListTests.framework */,
			);
			name = Frameworks;
			sourceTree = "<group>";
		};
/* End PBXGroup section */

/* Begin PBXNativeTarget section */
		ADE27C6322DF943D00D1D8B8 /* MyToDoList */ = {
			isa = PBXNativeTarget;
			buildConfigurationList = ADE27C8122DF943F00D1D8B8 /* Build configuration list for PBXNativeTarget "MyToDoList" */;
			buildPhases = (
				5A339017FF15A2E43081AE5F /* [CP] Check Pods Manifest.lock */,
				ADE27C6022DF943D00D1D8B8 /* Sources */,
				ADE27C6122DF943D00D1D8B8 /* Frameworks */,
				ADE27C6222DF943D00D1D8B8 /* Resources */,
				DB50F2EFC5ACC09BCAAF4057 /* [CP] Embed Pods Frameworks */,
			);
			buildRules = (
			);
			dependencies = (
			);
			name = MyToDoList;
			productName = MyToDoList;
			productReference = ADE27C6422DF943D00D1D8B8 /* MyToDoList.app */;
			productType = "com.apple.product-type.application";
		};
		ADE27C7722DF943F00D1D8B8 /* MyToDoListTests */ = {
			isa = PBXNativeTarget;
			buildConfigurationList = ADE27C8422DF943F00D1D8B8 /* Build configuration list for PBXNativeTarget "MyToDoListTests" */;
			buildPhases = (
				16209AA324B205816197CB22 /* [CP] Check Pods Manifest.lock */,
				ADE27C7422DF943F00D1D8B8 /* Sources */,
				ADE27C7522DF943F00D1D8B8 /* Frameworks */,
				ADE27C7622DF943F00D1D8B8 /* Resources */,
			);
			buildRules = (
			);
			dependencies = (
				ADE27C7A22DF943F00D1D8B8 /* PBXTargetDependency */,
			);
			name = MyToDoListTests;
			productName = MyToDoListTests;
			productReference = ADE27C7822DF943F00D1D8B8 /* MyToDoListTests.xctest */;
			productType = "com.apple.product-type.bundle.unit-test";
		};
/* End PBXNativeTarget section */

/* Begin PBXProject section */
		ADE27C5C22DF943D00D1D8B8 /* Project object */ = {
			isa = PBXProject;
			attributes = {
				LastSwiftUpdateCheck = 1020;
				LastUpgradeCheck = 1020;
				ORGANIZATIONNAME = "Szymon Smykała";
				TargetAttributes = {
					ADE27C6322DF943D00D1D8B8 = {
						CreatedOnToolsVersion = 10.2.1;
					};
					ADE27C7722DF943F00D1D8B8 = {
						CreatedOnToolsVersion = 10.2.1;
						TestTargetID = ADE27C6322DF943D00D1D8B8;
					};
				};
			};
			buildConfigurationList = ADE27C5F22DF943D00D1D8B8 /* Build configuration list for PBXProject "MyToDoList" */;
			compatibilityVersion = "Xcode 9.3";
			developmentRegion = en;
			hasScannedForEncodings = 0;
			knownRegions = (
				en,
				Base,
			);
			mainGroup = ADE27C5B22DF943D00D1D8B8;
			productRefGroup = ADE27C6522DF943D00D1D8B8 /* Products */;
			projectDirPath = "";
			projectRoot = "";
			targets = (
				ADE27C6322DF943D00D1D8B8 /* MyToDoList */,
				ADE27C7722DF943F00D1D8B8 /* MyToDoListTests */,
			);
		};
/* End PBXProject section */

/* Begin PBXResourcesBuildPhase section */
		ADE27C6222DF943D00D1D8B8 /* Resources */ = {
			isa = PBXResourcesBuildPhase;
			buildActionMask = 2147483647;
			files = (
				ADE27C7222DF943F00D1D8B8 /* LaunchScreen.storyboard in Resources */,
				ADE27C6F22DF943F00D1D8B8 /* Assets.xcassets in Resources */,
				ADE27C6D22DF943D00D1D8B8 /* Main.storyboard in Resources */,
			);
			runOnlyForDeploymentPostprocessing = 0;
		};
		ADE27C7622DF943F00D1D8B8 /* Resources */ = {
			isa = PBXResourcesBuildPhase;
			buildActionMask = 2147483647;
			files = (
			);
			runOnlyForDeploymentPostprocessing = 0;
		};
/* End PBXResourcesBuildPhase section */

/* Begin PBXShellScriptBuildPhase section */
		16209AA324B205816197CB22 /* [CP] Check Pods Manifest.lock */ = {
			isa = PBXShellScriptBuildPhase;
			buildActionMask = 2147483647;
			files = (
			);
			inputFileListPaths = (
			);
			inputPaths = (
				"${PODS_PODFILE_DIR_PATH}/Podfile.lock",
				"${PODS_ROOT}/Manifest.lock",
			);
			name = "[CP] Check Pods Manifest.lock";
			outputFileListPaths = (
			);
			outputPaths = (
				"$(DERIVED_FILE_DIR)/Pods-MyToDoListTests-checkManifestLockResult.txt",
			);
			runOnlyForDeploymentPostprocessing = 0;
			shellPath = /bin/sh;
			shellScript = "diff \"${PODS_PODFILE_DIR_PATH}/Podfile.lock\" \"${PODS_ROOT}/Manifest.lock\" > /dev/null\nif [ $? != 0 ] ; then\n    # print error to STDERR\n    echo \"error: The sandbox is not in sync with the Podfile.lock. Run 'pod install' or update your CocoaPods installation.\" >&2\n    exit 1\nfi\n# This output is used by Xcode 'outputs' to avoid re-running this script phase.\necho \"SUCCESS\" > \"${SCRIPT_OUTPUT_FILE_0}\"\n";
			showEnvVarsInLog = 0;
		};
		5A339017FF15A2E43081AE5F /* [CP] Check Pods Manifest.lock */ = {
			isa = PBXShellScriptBuildPhase;
			buildActionMask = 2147483647;
			files = (
			);
			inputFileListPaths = (
			);
			inputPaths = (
				"${PODS_PODFILE_DIR_PATH}/Podfile.lock",
				"${PODS_ROOT}/Manifest.lock",
			);
			name = "[CP] Check Pods Manifest.lock";
			outputFileListPaths = (
			);
			outputPaths = (
				"$(DERIVED_FILE_DIR)/Pods-MyToDoList-checkManifestLockResult.txt",
			);
			runOnlyForDeploymentPostprocessing = 0;
			shellPath = /bin/sh;
			shellScript = "diff \"${PODS_PODFILE_DIR_PATH}/Podfile.lock\" \"${PODS_ROOT}/Manifest.lock\" > /dev/null\nif [ $? != 0 ] ; then\n    # print error to STDERR\n    echo \"error: The sandbox is not in sync with the Podfile.lock. Run 'pod install' or update your CocoaPods installation.\" >&2\n    exit 1\nfi\n# This output is used by Xcode 'outputs' to avoid re-running this script phase.\necho \"SUCCESS\" > \"${SCRIPT_OUTPUT_FILE_0}\"\n";
			showEnvVarsInLog = 0;
		};
		DB50F2EFC5ACC09BCAAF4057 /* [CP] Embed Pods Frameworks */ = {
			isa = PBXShellScriptBuildPhase;
			buildActionMask = 2147483647;
			files = (
			);
			inputFileListPaths = (
			);
			inputPaths = (
				"${PODS_ROOT}/Target Support Files/Pods-MyToDoList/Pods-MyToDoList-frameworks.sh",
				"${BUILT_PRODUCTS_DIR}/SwiftyJSON/SwiftyJSON.framework",
			);
			name = "[CP] Embed Pods Frameworks";
			outputFileListPaths = (
			);
			outputPaths = (
				"${TARGET_BUILD_DIR}/${FRAMEWORKS_FOLDER_PATH}/SwiftyJSON.framework",
			);
			runOnlyForDeploymentPostprocessing = 0;
			shellPath = /bin/sh;
			shellScript = "\"${PODS_ROOT}/Target Support Files/Pods-MyToDoList/Pods-MyToDoList-frameworks.sh\"\n";
			showEnvVarsInLog = 0;
		};
/* End PBXShellScriptBuildPhase section */

/* Begin PBXSourcesBuildPhase section */
		ADE27C6022DF943D00D1D8B8 /* Sources */ = {
			isa = PBXSourcesBuildPhase;
			buildActionMask = 2147483647;
			files = (
				ADE27C6A22DF943D00D1D8B8 /* ViewController.swift in Sources */,
				ADE27C6822DF943D00D1D8B8 /* AppDelegate.swift in Sources */,
			);
			runOnlyForDeploymentPostprocessing = 0;
		};
		ADE27C7422DF943F00D1D8B8 /* Sources */ = {
			isa = PBXSourcesBuildPhase;
			buildActionMask = 2147483647;
			files = (
				ADE27C7D22DF943F00D1D8B8 /* MyToDoListTests.swift in Sources */,
			);
			runOnlyForDeploymentPostprocessing = 0;
		};
/* End PBXSourcesBuildPhase section */

/* Begin PBXTargetDependency section */
		ADE27C7A22DF943F00D1D8B8 /* PBXTargetDependency */ = {
			isa = PBXTargetDependency;
			target = ADE27C6322DF943D00D1D8B8 /* MyToDoList */;
			targetProxy = ADE27C7922DF943F00D1D8B8 /* PBXContainerItemProxy */;
		};
/* End PBXTargetDependency section */

/* Begin PBXVariantGroup section */
		ADE27C6B22DF943D00D1D8B8 /* Main.storyboard */ = {
			isa = PBXVariantGroup;
			children = (
				ADE27C6C22DF943D00D1D8B8 /* Base */,
			);
			name = Main.storyboard;
			sourceTree = "<group>";
		};
		ADE27C7022DF943F00D1D8B8 /* LaunchScreen.storyboard */ = {
			isa = PBXVariantGroup;
			children = (
				ADE27C7122DF943F00D1D8B8 /* Base */,
			);
			name = LaunchScreen.storyboard;
			sourceTree = "<group>";
		};
/* End PBXVariantGroup section */

/* Begin XCBuildConfiguration section */
		ADE27C7F22DF943F00D1D8B8 /* Debug */ = {
			isa = XCBuildConfiguration;
			buildSettings = {
				ALWAYS_SEARCH_USER_PATHS = NO;
				CLANG_ANALYZER_NONNULL = YES;
				CLANG_ANALYZER_NUMBER_OBJECT_CONVERSION = YES_AGGRESSIVE;
				CLANG_CXX_LANGUAGE_STANDARD = "gnu++14";
				CLANG_CXX_LIBRARY = "libc++";
				CLANG_ENABLE_MODULES = YES;
				CLANG_ENABLE_OBJC_ARC = YES;
				CLANG_ENABLE_OBJC_WEAK = YES;
				CLANG_WARN_BLOCK_CAPTURE_AUTORELEASING = YES;
				CLANG_WARN_BOOL_CONVERSION = YES;
				CLANG_WARN_COMMA = YES;
				CLANG_WARN_CONSTANT_CONVERSION = YES;
				CLANG_WARN_DEPRECATED_OBJC_IMPLEMENTATIONS = YES;
				CLANG_WARN_DIRECT_OBJC_ISA_USAGE = YES_ERROR;
				CLANG_WARN_DOCUMENTATION_COMMENTS = YES;
				CLANG_WARN_EMPTY_BODY = YES;
				CLANG_WARN_ENUM_CONVERSION = YES;
				CLANG_WARN_INFINITE_RECURSION = YES;
				CLANG_WARN_INT_CONVERSION = YES;
				CLANG_WARN_NON_LITERAL_NULL_CONVERSION = YES;
				CLANG_WARN_OBJC_IMPLICIT_RETAIN_SELF = YES;
				CLANG_WARN_OBJC_LITERAL_CONVERSION = YES;
				CLANG_WARN_OBJC_ROOT_CLASS = YES_ERROR;
				CLANG_WARN_RANGE_LOOP_ANALYSIS = YES;
				CLANG_WARN_STRICT_PROTOTYPES = YES;
				CLANG_WARN_SUSPICIOUS_MOVE = YES;
				CLANG_WARN_UNGUARDED_AVAILABILITY = YES_AGGRESSIVE;
				CLANG_WARN_UNREACHABLE_CODE = YES;
				CLANG_WARN__DUPLICATE_METHOD_MATCH = YES;
				CODE_SIGN_IDENTITY = "iPhone Developer";
				COPY_PHASE_STRIP = NO;
				DEBUG_INFORMATION_FORMAT = dwarf;
				ENABLE_STRICT_OBJC_MSGSEND = YES;
				ENABLE_TESTABILITY = YES;
				GCC_C_LANGUAGE_STANDARD = gnu11;
				GCC_DYNAMIC_NO_PIC = NO;
				GCC_NO_COMMON_BLOCKS = YES;
				GCC_OPTIMIZATION_LEVEL = 0;
				GCC_PREPROCESSOR_DEFINITIONS = (
					"DEBUG=1",
					"$(inherited)",
				);
				GCC_WARN_64_TO_32_BIT_CONVERSION = YES;
				GCC_WARN_ABOUT_RETURN_TYPE = YES_ERROR;
				GCC_WARN_UNDECLARED_SELECTOR = YES;
				GCC_WARN_UNINITIALIZED_AUTOS = YES_AGGRESSIVE;
				GCC_WARN_UNUSED_FUNCTION = YES;
				GCC_WARN_UNUSED_VARIABLE = YES;
				IPHONEOS_DEPLOYMENT_TARGET = 12.2;
				MTL_ENABLE_DEBUG_INFO = INCLUDE_SOURCE;
				MTL_FAST_MATH = YES;
				ONLY_ACTIVE_ARCH = YES;
				SDKROOT = iphoneos;
				SWIFT_ACTIVE_COMPILATION_CONDITIONS = DEBUG;
				SWIFT_OPTIMIZATION_LEVEL = "-Onone";
			};
			name = Debug;
		};
		ADE27C8022DF943F00D1D8B8 /* Release */ = {
			isa = XCBuildConfiguration;
			buildSettings = {
				ALWAYS_SEARCH_USER_PATHS = NO;
				CLANG_ANALYZER_NONNULL = YES;
				CLANG_ANALYZER_NUMBER_OBJECT_CONVERSION = YES_AGGRESSIVE;
				CLANG_CXX_LANGUAGE_STANDARD = "gnu++14";
				CLANG_CXX_LIBRARY = "libc++";
				CLANG_ENABLE_MODULES = YES;
				CLANG_ENABLE_OBJC_ARC = YES;
				CLANG_ENABLE_OBJC_WEAK = YES;
				CLANG_WARN_BLOCK_CAPTURE_AUTORELEASING = YES;
				CLANG_WARN_BOOL_CONVERSION = YES;
				CLANG_WARN_COMMA = YES;
				CLANG_WARN_CONSTANT_CONVERSION = YES;
				CLANG_WARN_DEPRECATED_OBJC_IMPLEMENTATIONS = YES;
				CLANG_WARN_DIRECT_OBJC_ISA_USAGE = YES_ERROR;
				CLANG_WARN_DOCUMENTATION_COMMENTS = YES;
				CLANG_WARN_EMPTY_BODY = YES;
				CLANG_WARN_ENUM_CONVERSION = YES;
				CLANG_WARN_INFINITE_RECURSION = YES;
				CLANG_WARN_INT_CONVERSION = YES;
				CLANG_WARN_NON_LITERAL_NULL_CONVERSION = YES;
				CLANG_WARN_OBJC_IMPLICIT_RETAIN_SELF = YES;
				CLANG_WARN_OBJC_LITERAL_CONVERSION = YES;
				CLANG_WARN_OBJC_ROOT_CLASS = YES_ERROR;
				CLANG_WARN_RANGE_LOOP_ANALYSIS = YES;
				CLANG_WARN_STRICT_PROTOTYPES = YES;
				CLANG_WARN_SUSPICIOUS_MOVE = YES;
				CLANG_WARN_UNGUARDED_AVAILABILITY = YES_AGGRESSIVE;
				CLANG_WARN_UNREACHABLE_CODE = YES;
				CLANG_WARN__DUPLICATE_METHOD_MATCH = YES;
				CODE_SIGN_IDENTITY = "iPhone Developer";
				COPY_PHASE_STRIP = NO;
				DEBUG_INFORMATION_FORMAT = "dwarf-with-dsym";
				ENABLE_NS_ASSERTIONS = NO;
				ENABLE_STRICT_OBJC_MSGSEND = YES;
				GCC_C_LANGUAGE_STANDARD = gnu11;
				GCC_NO_COMMON_BLOCKS = YES;
				GCC_WARN_64_TO_32_BIT_CONVERSION = YES;
				GCC_WARN_ABOUT_RETURN_TYPE = YES_ERROR;
				GCC_WARN_UNDECLARED_SELECTOR = YES;
				GCC_WARN_UNINITIALIZED_AUTOS = YES_AGGRESSIVE;
				GCC_WARN_UNUSED_FUNCTION = YES;
				GCC_WARN_UNUSED_VARIABLE = YES;
				IPHONEOS_DEPLOYMENT_TARGET = 12.2;
				MTL_ENABLE_DEBUG_INFO = NO;
				MTL_FAST_MATH = YES;
				SDKROOT = iphoneos;
				SWIFT_COMPILATION_MODE = wholemodule;
				SWIFT_OPTIMIZATION_LEVEL = "-O";
				VALIDATE_PRODUCT = YES;
			};
			name = Release;
		};
		ADE27C8222DF943F00D1D8B8 /* Debug */ = {
			isa = XCBuildConfiguration;
			baseConfigurationReference = B5C77C1B56A46FF2A18F179A /* Pods-MyToDoList.debug.xcconfig */;
			buildSettings = {
				ASSETCATALOG_COMPILER_APPICON_NAME = AppIcon;
				CODE_SIGN_STYLE = Automatic;
				DEVELOPMENT_TEAM = X2473SXA83;
				INFOPLIST_FILE = MyToDoList/Info.plist;
				LD_RUNPATH_SEARCH_PATHS = (
					"$(inherited)",
					"@executable_path/Frameworks",
				);
				PRODUCT_BUNDLE_IDENTIFIER = com.team.MyToDoList;
				PRODUCT_NAME = "$(TARGET_NAME)";
				SWIFT_VERSION = 5.0;
				TARGETED_DEVICE_FAMILY = "1,2";
			};
			name = Debug;
		};
		ADE27C8322DF943F00D1D8B8 /* Release */ = {
			isa = XCBuildConfiguration;
			baseConfigurationReference = 6D5AACEB30486386896B9B32 /* Pods-MyToDoList.release.xcconfig */;
			buildSettings = {
				ASSETCATALOG_COMPILER_APPICON_NAME = AppIcon;
				CODE_SIGN_STYLE = Automatic;
				DEVELOPMENT_TEAM = X2473SXA83;
				INFOPLIST_FILE = MyToDoList/Info.plist;
				LD_RUNPATH_SEARCH_PATHS = (
					"$(inherited)",
					"@executable_path/Frameworks",
				);
				PRODUCT_BUNDLE_IDENTIFIER = com.team.MyToDoList;
				PRODUCT_NAME = "$(TARGET_NAME)";
				SWIFT_VERSION = 5.0;
				TARGETED_DEVICE_FAMILY = "1,2";
			};
			name = Release;
		};
		ADE27C8522DF943F00D1D8B8 /* Debug */ = {
			isa = XCBuildConfiguration;
			baseConfigurationReference = 36B0BC443DFA0D0CADDE2956 /* Pods-MyToDoListTests.debug.xcconfig */;
			buildSettings = {
				ALWAYS_EMBED_SWIFT_STANDARD_LIBRARIES = YES;
				BUNDLE_LOADER = "$(TEST_HOST)";
				CODE_SIGN_STYLE = Automatic;
				DEVELOPMENT_TEAM = X2473SXA83;
				INFOPLIST_FILE = MyToDoListTests/Info.plist;
				LD_RUNPATH_SEARCH_PATHS = (
					"$(inherited)",
					"@executable_path/Frameworks",
					"@loader_path/Frameworks",
				);
				PRODUCT_BUNDLE_IDENTIFIER = com.team.MyToDoListTests;
				PRODUCT_NAME = "$(TARGET_NAME)";
				SWIFT_VERSION = 5.0;
				TARGETED_DEVICE_FAMILY = "1,2";
				TEST_HOST = "$(BUILT_PRODUCTS_DIR)/MyToDoList.app/MyToDoList";
			};
			name = Debug;
		};
		ADE27C8622DF943F00D1D8B8 /* Release */ = {
			isa = XCBuildConfiguration;
			baseConfigurationReference = DB8ABFB2F76636B3585D0487 /* Pods-MyToDoListTests.release.xcconfig */;
			buildSettings = {
				ALWAYS_EMBED_SWIFT_STANDARD_LIBRARIES = YES;
				BUNDLE_LOADER = "$(TEST_HOST)";
				CODE_SIGN_STYLE = Automatic;
				DEVELOPMENT_TEAM = X2473SXA83;
				INFOPLIST_FILE = MyToDoListTests/Info.plist;
				LD_RUNPATH_SEARCH_PATHS = (
					"$(inherited)",
					"@executable_path/Frameworks",
					"@loader_path/Frameworks",
				);
				PRODUCT_BUNDLE_IDENTIFIER = com.team.MyToDoListTests;
				PRODUCT_NAME = "$(TARGET_NAME)";
				SWIFT_VERSION = 5.0;
				TARGETED_DEVICE_FAMILY = "1,2";
				TEST_HOST = "$(BUILT_PRODUCTS_DIR)/MyToDoList.app/MyToDoList";
			};
			name = Release;
		};
/* End XCBuildConfiguration section */

/* Begin XCConfigurationList section */
		ADE27C5F22DF943D00D1D8B8 /* Build configuration list for PBXProject "MyToDoList" */ = {
			isa = XCConfigurationList;
			buildConfigurations = (
				ADE27C7F22DF943F00D1D8B8 /* Debug */,
				ADE27C8022DF943F00D1D8B8 /* Release */,
			);
			defaultConfigurationIsVisible = 0;
			defaultConfigurationName = Release;
		};
		ADE27C8122DF943F00D1D8B8 /* Build configuration list for PBXNativeTarget "MyToDoList" */ = {
			isa = XCConfigurationList;
			buildConfigurations = (
				ADE27C8222DF943F00D1D8B8 /* Debug */,
				ADE27C8322DF943F00D1D8B8 /* Release */,
			);
			defaultConfigurationIsVisible = 0;
			defaultConfigurationName = Release;
		};
		ADE27C8422DF943F00D1D8B8 /* Build configuration list for PBXNativeTarget "MyToDoListTests" */ = {
			isa = XCConfigurationList;
			buildConfigurations = (
				ADE27C8522DF943F00D1D8B8 /* Debug */,
				ADE27C8622DF943F00D1D8B8 /* Release */,
			);
			defaultConfigurationIsVisible = 0;
			defaultConfigurationName = Release;
		};
/* End XCConfigurationList section */
	};
	rootObject = ADE27C5C22DF943D00D1D8B8 /* Project object */;
}
